
Microsoft Visual Studio Solution File, Format Version 12.00
# Visual Studio Version 17
VisualStudioVersion = 17.5.33414.496
MinimumVisualStudioVersion = 10.0.40219.1
Project("{9A19103F-16F7-4668-BE54-9A1E7A4F7556}") = "UsuariosApp.API", "UsuariosApp.API\UsuariosApp.API.csproj", "{95B851E5-A152-4F0C-9CF7-615BC6499B3E}"
EndProject
Project("{9A19103F-16F7-4668-BE54-9A1E7A4F7556}") = "UsuariosApp.Application", "UsuariosApp.Application\UsuariosApp.Application.csproj", "{894B6069-65AB-49B8-B763-5FC8D3AD289A}"
EndProject
Project("{9A19103F-16F7-4668-BE54-9A1E7A4F7556}") = "UsuariosApp.Domain", "UsuariosApp.Domain\UsuariosApp.Domain.csproj", "{02AC5E4F-0550-4C6F-9CF0-672263242C3C}"
EndProject
Project("{2150E333-8FDC-42A3-9474-1A3956D46DE8}") = "API", "API", "{E6584BB8-C45D-40AB-8611-B3C08562E5F0}"
EndProject
Project("{2150E333-8FDC-42A3-9474-1A3956D46DE8}") = "DDD", "DDD", "{9670882A-9CC4-4EDE-AD12-8C72E11ED291}"
EndProject
Project("{2150E333-8FDC-42A3-9474-1A3956D46DE8}") = "Application", "Application", "{3B1B3BDD-7DE5-4413-A941-9F8E2D83E2C8}"
EndProject
Project("{2150E333-8FDC-42A3-9474-1A3956D46DE8}") = "Domain", "Domain", "{FCAE43B3-4ACB-4E51-8BF1-EFD48FCBBDA0}"
EndProject
Project("{2150E333-8FDC-42A3-9474-1A3956D46DE8}") = "Infrastructure", "Infrastructure", "{BCF9CEF9-DD75-41E5-8953-7D73FBD48861}"
EndProject
Project("{9A19103F-16F7-4668-BE54-9A1E7A4F7556}") = "UsuariosApp.Infra.Data", "UsuariosApp.Infra.Data\UsuariosApp.Infra.Data.csproj", "{BD5DAB55-2B81-4033-94EA-A138BAB76B39}"
EndProject
Project("{2150E333-8FDC-42A3-9474-1A3956D46DE8}") = "TDD", "TDD", "{350465E1-952E-41DE-9B0E-93CF89CD67F4}"
EndProject
Project("{9A19103F-16F7-4668-BE54-9A1E7A4F7556}") = "UsuariosApp.Tests", "UsuariosApp.Tests\UsuariosApp.Tests.csproj", "{DEB6DA34-5DD2-42A0-B64C-384B9E098E88}"
EndProject
Project("{FAE04EC0-301F-11D3-BF4B-00C04F79EFBC}") = "UsuariosApp.Infra.Messages", "UsuariosApp.Infra.Messages\UsuariosApp.Infra.Messages.csproj", "{85E64667-F85D-4449-AF37-F3DE9955D4BE}"
EndProject
Global
	GlobalSection(SolutionConfigurationPlatforms) = preSolution
		Debug|Any CPU = Debug|Any CPU
		Release|Any CPU = Release|Any CPU
	EndGlobalSection
	GlobalSection(ProjectConfigurationPlatforms) = postSolution
		{95B851E5-A152-4F0C-9CF7-615BC6499B3E}.Debug|Any CPU.ActiveCfg = Debug|Any CPU
		{95B851E5-A152-4F0C-9CF7-615BC6499B3E}.Debug|Any CPU.Build.0 = Debug|Any CPU
		{95B851E5-A152-4F0C-9CF7-615BC6499B3E}.Release|Any CPU.ActiveCfg = Release|Any CPU
		{95B851E5-A152-4F0C-9CF7-615BC6499B3E}.Release|Any CPU.Build.0 = Release|Any CPU
		{894B6069-65AB-49B8-B763-5FC8D3AD289A}.Debug|Any CPU.ActiveCfg = Debug|Any CPU
		{894B6069-65AB-49B8-B763-5FC8D3AD289A}.Debug|Any CPU.Build.0 = Debug|Any CPU
		{894B6069-65AB-49B8-B763-5FC8D3AD289A}.Release|Any CPU.ActiveCfg = Release|Any CPU
		{894B6069-65AB-49B8-B763-5FC8D3AD289A}.Release|Any CPU.Build.0 = Release|Any CPU
		{02AC5E4F-0550-4C6F-9CF0-672263242C3C}.Debug|Any CPU.ActiveCfg = Debug|Any CPU
		{02AC5E4F-0550-4C6F-9CF0-672263242C3C}.Debug|Any CPU.Build.0 = Debug|Any CPU
		{02AC5E4F-0550-4C6F-9CF0-672263242C3C}.Release|Any CPU.ActiveCfg = Release|Any CPU
		{02AC5E4F-0550-4C6F-9CF0-672263242C3C}.Release|Any CPU.Build.0 = Release|Any CPU
		{BD5DAB55-2B81-4033-94EA-A138BAB76B39}.Debug|Any CPU.ActiveCfg = Debug|Any CPU
		{BD5DAB55-2B81-4033-94EA-A138BAB76B39}.Debug|Any CPU.Build.0 = Debug|Any CPU
		{BD5DAB55-2B81-4033-94EA-A138BAB76B39}.Release|Any CPU.ActiveCfg = Release|Any CPU
		{BD5DAB55-2B81-4033-94EA-A138BAB76B39}.Release|Any CPU.Build.0 = Release|Any CPU
		{DEB6DA34-5DD2-42A0-B64C-384B9E098E88}.Debug|Any CPU.ActiveCfg = Debug|Any CPU
		{DEB6DA34-5DD2-42A0-B64C-384B9E098E88}.Debug|Any CPU.Build.0 = Debug|Any CPU
		{DEB6DA34-5DD2-42A0-B64C-384B9E098E88}.Release|Any CPU.ActiveCfg = Release|Any CPU
		{DEB6DA34-5DD2-42A0-B64C-384B9E098E88}.Release|Any CPU.Build.0 = Release|Any CPU
		{85E64667-F85D-4449-AF37-F3DE9955D4BE}.Debug|Any CPU.ActiveCfg = Debug|Any CPU
		{85E64667-F85D-4449-AF37-F3DE9955D4BE}.Debug|Any CPU.Build.0 = Debug|Any CPU
		{85E64667-F85D-4449-AF37-F3DE9955D4BE}.Release|Any CPU.ActiveCfg = Release|Any CPU
		{85E64667-F85D-4449-AF37-F3DE9955D4BE}.Release|Any CPU.Build.0 = Release|Any CPU
	EndGlobalSection
	GlobalSection(SolutionProperties) = preSolution
		HideSolutionNode = FALSE
	EndGlobalSection
	GlobalSection(NestedProjects) = preSolution
		{95B851E5-A152-4F0C-9CF7-615BC6499B3E} = {E6584BB8-C45D-40AB-8611-B3C08562E5F0}
		{894B6069-65AB-49B8-B763-5FC8D3AD289A} = {3B1B3BDD-7DE5-4413-A941-9F8E2D83E2C8}
		{02AC5E4F-0550-4C6F-9CF0-672263242C3C} = {FCAE43B3-4ACB-4E51-8BF1-EFD48FCBBDA0}
		{3B1B3BDD-7DE5-4413-A941-9F8E2D83E2C8} = {9670882A-9CC4-4EDE-AD12-8C72E11ED291}
		{FCAE43B3-4ACB-4E51-8BF1-EFD48FCBBDA0} = {9670882A-9CC4-4EDE-AD12-8C72E11ED291}
		{BCF9CEF9-DD75-41E5-8953-7D73FBD48861} = {9670882A-9CC4-4EDE-AD12-8C72E11ED291}
		{BD5DAB55-2B81-4033-94EA-A138BAB76B39} = {BCF9CEF9-DD75-41E5-8953-7D73FBD48861}
		{DEB6DA34-5DD2-42A0-B64C-384B9E098E88} = {350465E1-952E-41DE-9B0E-93CF89CD67F4}
		{85E64667-F85D-4449-AF37-F3DE9955D4BE} = {BCF9CEF9-DD75-41E5-8953-7D73FBD48861}
	EndGlobalSection
	GlobalSection(ExtensibilityGlobals) = postSolution
		SolutionGuid = {CE085242-8A45-4980-A865-24DCEF7621FE}
	EndGlobalSection
EndGlobal
